Microsoft Visual Studio Solution File, Format Version 12.00
# Visual Studio 15
VisualStudioVersion = 15.0.28010.2036
MinimumVisualStudioVersion = 10.0.40219.1
Project("{FAE04EC0-301F-11D3-BF4B-00C04F79EFBC}") = "Q250992", "Q250992\Q250992.csproj", "{0AB14E4B-729D-4FE4-9818-B6A65B87C467}"
EndProject
Global
	GlobalSection(SolutionConfigurationPlatforms) = preSolution
		Debug|Any CPU = Debug|Any CPU
		Release|Any CPU = Release|Any CPU
	EndGlobalSection
	GlobalSection(ProjectConfigurationPlatforms) = postSolution
		{0AB14E4B-729D-4FE4-9818-B6A65B87C467}.Debug|Any CPU.ActiveCfg = Debug|Any CPU
		{0AB14E4B-729D-4FE4-9818-B6A65B87C467}.Debug|Any CPU.Build.0 = Debug|Any CPU
		{0AB14E4B-729D-4FE4-9818-B6A65B87C467}.Release|Any CPU.ActiveCfg = Release|Any CPU
		{0AB14E4B-729D-4FE4-9818-B6A65B87C467}.Release|Any CPU.Build.0 = Release|Any CPU
	EndGlobalSection
	GlobalSection(SolutionProperties) = preSolution
		HideSolutionNode = FALSE
	EndGlobalSection
	GlobalSection(ExtensibilityGlobals) = postSolution
		SolutionGuid = {DC0AB448-9D3C-47B0-B094-0178E6383D12}
	EndGlobalSection
EndGlobal
